
Microsoft Visual Studio Solution File, Format Version 12.00
# Visual Studio Version 17
VisualStudioVersion = 17.0.32126.317
MinimumVisualStudioVersion = 10.0.40219.1
Project("{FAE04EC0-301F-11D3-BF4B-00C04F79EFBC}") = "AulaBancoDeDados17-02", "AulaBancoDeDados17-02\AulaBancoDeDados17-02.csproj", "{D2E63FCB-DC3F-40ED-ACB1-482D4418CC7C}"
EndProject
Global
	GlobalSection(SolutionConfigurationPlatforms) = preSolution
		Debug|Any CPU = Debug|Any CPU
		Release|Any CPU = Release|Any CPU
	EndGlobalSection
	GlobalSection(ProjectConfigurationPlatforms) = postSolution
		{D2E63FCB-DC3F-40ED-ACB1-482D4418CC7C}.Debug|Any CPU.ActiveCfg = Debug|Any CPU
		{D2E63FCB-DC3F-40ED-ACB1-482D4418CC7C}.Debug|Any CPU.Build.0 = Debug|Any CPU
		{D2E63FCB-DC3F-40ED-ACB1-482D4418CC7C}.Release|Any CPU.ActiveCfg = Release|Any CPU
		{D2E63FCB-DC3F-40ED-ACB1-482D4418CC7C}.Release|Any CPU.Build.0 = Release|Any CPU
	EndGlobalSection
	GlobalSection(SolutionProperties) = preSolution
		HideSolutionNode = FALSE
	EndGlobalSection
	GlobalSection(ExtensibilityGlobals) = postSolution
		SolutionGuid = {5C00F15D-1DEC-4BB4-BFC8-57113FFF1DC2}
	EndGlobalSection
EndGlobal
